# This file is @generated by PDM.
# It is not intended for manual editing.

[metadata]
groups = ["default"]
strategy = ["cross_platform", "inherit_metadata"]
lock_version = "4.4.2"
content_hash = "sha256:d76b82db665c78651b3acdc4b389a6a0f9a6f21834e60bb1b1e0d3c8bd59b17c"

[[package]]
name = "antlr4-python3-runtime"
version = "4.13.2"
summary = "ANTLR 4.13.2 runtime for Python 3"
groups = ["default"]
files = [
    {file = "antlr4_python3_runtime-4.13.2-py3-none-any.whl", hash = "sha256:fe3835eb8d33daece0e799090eda89719dbccee7aa39ef94eed3818cafa5a7e8"},
    {file = "antlr4_python3_runtime-4.13.2.tar.gz", hash = "sha256:909b647e1d2fc2b70180ac586df3933e38919c85f98ccc656a96cd3f25ef3916"},
]
